// !$*UTF8*$!
{
	archiveVersion = 1;
	classes = {
	};
	objectVersion = 56;
	objects = {

/* Begin PBXBuildFile section */
		0424AC2F58B29A2F68751450 /* AssetSearchView.swift in Sources */ = {isa = PBXBuildFile; fileRef = D2380E3756B6AB501030181A /* AssetSearchView.swift */; };
		06E63F3E6E40876E829C74C0 /* WatchlistServiceTests.swift in Sources */ = {isa = PBXBuildFile; fileRef = F5504964A35CF477FFF76AB6 /* WatchlistServiceTests.swift */; };
		0AA2B7107D76A57171C31A62 /* AssetDetailService.swift in Sources */ = {isa = PBXBuildFile; fileRef = A533763E65FA967A597EB9E4 /* AssetDetailService.swift */; };
		10951C507FCF642152F1E151 /* AssetService.swift in Sources */ = {isa = PBXBuildFile; fileRef = 32F7880167233CACFC09C128 /* AssetService.swift */; };
		1430A760C1A9B0F682EEA324 /* HTTPTransport.swift in Sources */ = {isa = PBXBuildFile; fileRef = 3E962B806527E0647AFA287B /* HTTPTransport.swift */; };
		18E1FCB0F23496F7822D4810 /* APIClient.swift in Sources */ = {isa = PBXBuildFile; fileRef = 47D73A80FE33587228754F50 /* APIClient.swift */; };
		194BE7E0AD549798D9B3D41D /* AssetDetailViewModel.swift in Sources */ = {isa = PBXBuildFile; fileRef = 7CF44454E0459D8E09B059E7 /* AssetDetailViewModel.swift */; };
		19D9070AE8FBB1682CB53C7E /* LoginViewModelTests.swift in Sources */ = {isa = PBXBuildFile; fileRef = 305F4CFA65CF6F501EE04D6D /* LoginViewModelTests.swift */; };
		1E132855FE586C812CDAF769 /* APIClientTests.swift in Sources */ = {isa = PBXBuildFile; fileRef = 713603EAC497480A639EE38D /* APIClientTests.swift */; };
		22838ED3184CBDA0FBCFB8C7 /* PortfolioView.swift in Sources */ = {isa = PBXBuildFile; fileRef = 955B8496306BD2CA75BF8605 /* PortfolioView.swift */; };
		242F6F874948CEC1935EDC43 /* TokenRefreshCoordinator.swift in Sources */ = {isa = PBXBuildFile; fileRef = 07AB1204E403F2723F0FEEDD /* TokenRefreshCoordinator.swift */; };
		28234FC86201A3A8F59A3BD7 /* QuantDecisionView.swift in Sources */ = {isa = PBXBuildFile; fileRef = F912778DDFB3749341D532DB /* QuantDecisionView.swift */; };
		2A3FD6F1D104258770B33D4E /* AppLogger.swift in Sources */ = {isa = PBXBuildFile; fileRef = 7B057921CF167F89A069E621 /* AppLogger.swift */; };
		2A716809221EFEADFBE911B0 /* TestLogger.swift in Sources */ = {isa = PBXBuildFile; fileRef = 8B24E8DCC7D13BF079D37BAC /* TestLogger.swift */; };
		2A9EBAD8B21F182C68755593 /* SessionRestorationIntegrationTests.swift in Sources */ = {isa = PBXBuildFile; fileRef = 65C21BFA63470717DEF4F907 /* SessionRestorationIntegrationTests.swift */; };
		2DDDEC1B12D6C87837A65541 /* WatchlistScreenView.swift in Sources */ = {isa = PBXBuildFile; fileRef = 1C08B7F38CF946E06FB6C965 /* WatchlistScreenView.swift */; };
		2EB71BFFD435DCCABA8C839C /* Foundation.framework in Frameworks */ = {isa = PBXBuildFile; fileRef = 8F80084FB95E13D2BB535FA1 /* Foundation.framework */; };
		3394A5EDDC006B54FBF2A6C4 /* HTTPMethod.swift in Sources */ = {isa = PBXBuildFile; fileRef = 25A29E3CE88D2B09AC02DDF9 /* HTTPMethod.swift */; };
		39746CACF792CEF11168FA01 /* AuthenticationService.swift in Sources */ = {isa = PBXBuildFile; fileRef = 0CF5E924B5009DA509258F94 /* AuthenticationService.swift */; };
		3E355D5562A38CB4657C911A /* AssetDetailViewModelTests.swift in Sources */ = {isa = PBXBuildFile; fileRef = FE67AE276064D4491C0F30C6 /* AssetDetailViewModelTests.swift */; };
		467E6B1BE4CB55B15DAD2EC8 /* PortfolioViewModel.swift in Sources */ = {isa = PBXBuildFile; fileRef = 58EFD2F484214A70F3AC14D2 /* PortfolioViewModel.swift */; };
		50ED236C8181A47ADC349DE4 /* AppEnvironment.swift in Sources */ = {isa = PBXBuildFile; fileRef = 04F49684E9340C7BC9A300A8 /* AppEnvironment.swift */; };
		573EBD0E300C5C1311DFD3B6 /* APIRequestConstructionTests.swift in Sources */ = {isa = PBXBuildFile; fileRef = AF7E3B9BBE49768BFB2D4103 /* APIRequestConstructionTests.swift */; };
		5C2138C9C6E5BE87C2B52E19 /* AppEnvironmentTests.swift in Sources */ = {isa = PBXBuildFile; fileRef = 24EF973F7B89505E777E5999 /* AppEnvironmentTests.swift */; };
		6133BE562E3A45431424A5C1 /* RoutingHTTPTransport.swift in Sources */ = {isa = PBXBuildFile; fileRef = 072A5D91650A043A73D5803C /* RoutingHTTPTransport.swift */; };
		61402526E3954EC5D1901E05 /* PortfolioService.swift in Sources */ = {isa = PBXBuildFile; fileRef = A6398D121836E93BD1161BA4 /* PortfolioService.swift */; };
		61B027C1CA942BCBB4F87F91 /* APIRequest.swift in Sources */ = {isa = PBXBuildFile; fileRef = 25B63EF729E179699BD3CB27 /* APIRequest.swift */; };
		6BDAA85A1D1D734AF346FFEE /* InMemoryTokenStore.swift in Sources */ = {isa = PBXBuildFile; fileRef = F4D08FA6EB8A24EC3038FA5F /* InMemoryTokenStore.swift */; };
		6C09C0B2480B08A7EE73207A /* AuthenticatedAppShellViewModelTests.swift in Sources */ = {isa = PBXBuildFile; fileRef = 2B7845F5C65DFEA1324F7840 /* AuthenticatedAppShellViewModelTests.swift */; };
		6D9A56DD8886B25D5101C612 /* NetworkConfiguration.swift in Sources */ = {isa = PBXBuildFile; fileRef = 160731B1CE389EB3FB013438 /* NetworkConfiguration.swift */; };
		6EB9BB158B7D161FB788DFD3 /* AssetDetailModels.swift in Sources */ = {isa = PBXBuildFile; fileRef = 030244C4DA5AEEF47CAF0E02 /* AssetDetailModels.swift */; };
		700B0E0B483F1AA2B031CEBE /* AssetSearchViewModel.swift in Sources */ = {isa = PBXBuildFile; fileRef = C7DF17833FC84FCCD388EC94 /* AssetSearchViewModel.swift */; };
		77C6B5662864DC40E66CAB75 /* PortfolioModels.swift in Sources */ = {isa = PBXBuildFile; fileRef = 09F7C0677ACAD7F82257F386 /* PortfolioModels.swift */; };
		7900AAED8C740657D9119F84 /* StubAssetDetailService.swift in Sources */ = {isa = PBXBuildFile; fileRef = 0E3756412B715EF4BE7B351B /* StubAssetDetailService.swift */; };
		7D95A5B28E3C194D99909222 /* AuthenticationModels.swift in Sources */ = {isa = PBXBuildFile; fileRef = 5092843C15E07678F0DCC963 /* AuthenticationModels.swift */; };
		7DA33D7149BDBC0CE02CCA32 /* AssetSearchViewModelTests.swift in Sources */ = {isa = PBXBuildFile; fileRef = 6A6B637DF0E8B7EAD6E1F50D /* AssetSearchViewModelTests.swift */; };
		80B105A1444B7C08D62830C7 /* AssetServiceTests.swift in Sources */ = {isa = PBXBuildFile; fileRef = 03C86E6BDF5F2C1FBDD33D9C /* AssetServiceTests.swift */; };
		830F21E293CB43B37452220D /* RootView.swift in Sources */ = {isa = PBXBuildFile; fileRef = B672D8B8FAB1C5913AAF1832 /* RootView.swift */; };
		83EE648C15A68C36EF823E05 /* SessionManagerTests.swift in Sources */ = {isa = PBXBuildFile; fileRef = F3F37258D4128B861F83D6DC /* SessionManagerTests.swift */; };
		87D109AD18E5720FF53077A4 /* StubPortfolioService.swift in Sources */ = {isa = PBXBuildFile; fileRef = 78472C042EB1F293443C641D /* StubPortfolioService.swift */; };
		881837D1EA06A8BB0E2E98CB /* PortfolioServiceTests.swift in Sources */ = {isa = PBXBuildFile; fileRef = FF26BF8E3CAB52D7CD05930F /* PortfolioServiceTests.swift */; };
		898A91D5B084BCC1ABD4402F /* APIErrorMappingTests.swift in Sources */ = {isa = PBXBuildFile; fileRef = F5FE24B1B076F6CC42A29BCB /* APIErrorMappingTests.swift */; };
		8C9B816558E807C4F44647A3 /* OptiTradeApp.swift in Sources */ = {isa = PBXBuildFile; fileRef = 28273F8BFCEDD2EAA51FF5B6 /* OptiTradeApp.swift */; };
		8CA5377BF4468C46BEFCBA17 /* StubAssetSearchService.swift in Sources */ = {isa = PBXBuildFile; fileRef = 015E76C4B971AB545B9F2807 /* StubAssetSearchService.swift */; };
		8DC3ACF0DF1D59490672B783 /* AssetDetailSections.swift in Sources */ = {isa = PBXBuildFile; fileRef = FB23C740FC01EC5C4D39C3EA /* AssetDetailSections.swift */; };
		909FE29485978ECB20D67EDB /* LoginView.swift in Sources */ = {isa = PBXBuildFile; fileRef = D3B8164632B614E9B9BF8A7C /* LoginView.swift */; };
		93EE8446366976019724A075 /* TokenRefreshCoordinatorTests.swift in Sources */ = {isa = PBXBuildFile; fileRef = E7589090876EC1A49D420673 /* TokenRefreshCoordinatorTests.swift */; };
		9ABAAB3E495C91709C1C53D4 /* AssetSelectionTests.swift in Sources */ = {isa = PBXBuildFile; fileRef = B8F54B39214E0ADDE356ADE2 /* AssetSelectionTests.swift */; };
		9BBEF0850FC0769D4A8ADF61 /* AuthenticatedAppShell.swift in Sources */ = {isa = PBXBuildFile; fileRef = 032F268B8A7D3C1CAB9E15AD /* AuthenticatedAppShell.swift */; };
		9D4FD845ACAACB7D07ABD0D0 /* AuthModels.swift in Sources */ = {isa = PBXBuildFile; fileRef = 165919A8226A803ECC1CAA8E /* AuthModels.swift */; };
		9E3B8FA9A481CE3B78A9F694 /* AuthModelsTests.swift in Sources */ = {isa = PBXBuildFile; fileRef = 33C3F0C25D496FDBF403BC28 /* AuthModelsTests.swift */; };
		A10002 /* ContentView.swift in Sources */ = {isa = PBXBuildFile; fileRef = B10002 /* ContentView.swift */; };
		A10003 /* DashboardView.swift in Sources */ = {isa = PBXBuildFile; fileRef = B10003 /* DashboardView.swift */; };
		A10004 /* SearchView.swift in Sources */ = {isa = PBXBuildFile; fileRef = B10004 /* SearchView.swift */; };
		A10005 /* WatchlistView.swift in Sources */ = {isa = PBXBuildFile; fileRef = B10005 /* WatchlistView.swift */; };
		A10006 /* AnalysisDetailView.swift in Sources */ = {isa = PBXBuildFile; fileRef = B10006 /* AnalysisDetailView.swift */; };
		A10007 /* SettingsView.swift in Sources */ = {isa = PBXBuildFile; fileRef = B10007 /* SettingsView.swift */; };
		A10008 /* ResultCardView.swift in Sources */ = {isa = PBXBuildFile; fileRef = B10008 /* ResultCardView.swift */; };
		A10009 /* Models.swift in Sources */ = {isa = PBXBuildFile; fileRef = B10009 /* Models.swift */; };
		A10010 /* APIService.swift in Sources */ = {isa = PBXBuildFile; fileRef = B10010 /* APIService.swift */; };
		A10011 /* Components.swift in Sources */ = {isa = PBXBuildFile; fileRef = B10011 /* Components.swift */; };
		A10012 /* Assets.xcassets in Resources */ = {isa = PBXBuildFile; fileRef = B10012 /* Assets.xcassets */; };
		A10013 /* OnboardingView.swift in Sources */ = {isa = PBXBuildFile; fileRef = B10013 /* OnboardingView.swift */; };
		A10014 /* ChartComponents.swift in Sources */ = {isa = PBXBuildFile; fileRef = B10014 /* ChartComponents.swift */; };
		A10015 /* HapticService.swift in Sources */ = {isa = PBXBuildFile; fileRef = B10015 /* HapticService.swift */; };
		A10016 /* PaperTradeView.swift in Sources */ = {isa = PBXBuildFile; fileRef = B10016 /* PaperTradeView.swift */; };
		A10017 /* AuthView.swift in Sources */ = {isa = PBXBuildFile; fileRef = B10017 /* AuthView.swift */; };
		A10018 /* FirebaseService.swift in Sources */ = {isa = PBXBuildFile; fileRef = B10018 /* FirebaseService.swift */; };
		A10019 /* PortfolioAnalysisView.swift in Sources */ = {isa = PBXBuildFile; fileRef = B10019 /* PortfolioAnalysisView.swift */; };
		A10020 /* Extensions.swift in Sources */ = {isa = PBXBuildFile; fileRef = B10020 /* Extensions.swift */; };
		A10021 /* FirebaseAuth in Frameworks */ = {isa = PBXBuildFile; productRef = P10001 /* FirebaseAuth */; };
		A10022 /* FirebaseFirestore in Frameworks */ = {isa = PBXBuildFile; productRef = P10002 /* FirebaseFirestore */; };
		A10023 /* SessionInfoView.swift in Sources */ = {isa = PBXBuildFile; fileRef = B10023 /* SessionInfoView.swift */; };
		A10024 /* Localization.swift in Sources */ = {isa = PBXBuildFile; fileRef = B10024 /* Localization.swift */; };
		A10025 /* PortfolioHoldingsView.swift in Sources */ = {isa = PBXBuildFile; fileRef = B10025 /* PortfolioHoldingsView.swift */; };
		A10026 /* MarketNewsView.swift in Sources */ = {isa = PBXBuildFile; fileRef = B10026 /* MarketNewsView.swift */; };
		A10027 /* StoreKitManager.swift in Sources */ = {isa = PBXBuildFile; fileRef = B10021 /* StoreKitManager.swift */; };
		A10028 /* PremiumUpgradeView.swift in Sources */ = {isa = PBXBuildFile; fileRef = B10027 /* PremiumUpgradeView.swift */; };
		A10029 /* TradingViewChart.swift in Sources */ = {isa = PBXBuildFile; fileRef = B10028 /* TradingViewChart.swift */; };
		A10030 /* BacktestPerformanceView.swift in Sources */ = {isa = PBXBuildFile; fileRef = B10029 /* BacktestPerformanceView.swift */; };
		A10031 /* AIHubView.swift in Sources */ = {isa = PBXBuildFile; fileRef = B10031 /* AIHubView.swift */; };
		A10032 /* TradeSignalModels.swift in Sources */ = {isa = PBXBuildFile; fileRef = B10032 /* TradeSignalModels.swift */; };
		A12E47062F9589AE00417CBD /* GoogleService-Info.plist in Resources */ = {isa = PBXBuildFile; fileRef = A12E47052F9589AE00417CBD /* GoogleService-Info.plist */; };
		A3AF5FBF194A60C60FBEC6B9 /* AssetDetailView.swift in Sources */ = {isa = PBXBuildFile; fileRef = 12205C33E2E28481FF6E1EFD /* AssetDetailView.swift */; };
		A987009C6E518392526ABDA1 /* StubAuthenticationService.swift in Sources */ = {isa = PBXBuildFile; fileRef = 24B927F5DA17E7CD296FB3EF /* StubAuthenticationService.swift */; };
		AC048F0009ADD4709EC40427 /* WatchlistModels.swift in Sources */ = {isa = PBXBuildFile; fileRef = 08F0744402C945E5DC28D656 /* WatchlistModels.swift */; };
		B4511A062C52290E9EEBD742 /* SessionManager.swift in Sources */ = {isa = PBXBuildFile; fileRef = 917721B88953EA9CB0FA50D4 /* SessionManager.swift */; };
		B5CCC40412A294BF14455730 /* WatchlistService.swift in Sources */ = {isa = PBXBuildFile; fileRef = 7C1C2FD5A98FE52B01E2FE38 /* WatchlistService.swift */; };
		B64C08051AFD193332013443 /* Keychain.swift in Sources */ = {isa = PBXBuildFile; fileRef = 23E3E7A91C7978777EC1ECF3 /* Keychain.swift */; };
		BEB10772A5D213464B405DA1 /* StubWatchlistService.swift in Sources */ = {isa = PBXBuildFile; fileRef = ABB964EE52B6430DD52484CE /* StubWatchlistService.swift */; };
		BF011C725E698DBAC1B237C6 /* WatchlistScreenViewModel.swift in Sources */ = {isa = PBXBuildFile; fileRef = 1DC57447869A18686376326D /* WatchlistScreenViewModel.swift */; };
		C04C57E3B0A1425A5858B220 /* AppContainer.swift in Sources */ = {isa = PBXBuildFile; fileRef = 72F906ABE8418A164AB4E261 /* AppContainer.swift */; };
		C113D9344C0CA9F46EE07ED6 /* CountingTokenRefreshing.swift in Sources */ = {isa = PBXBuildFile; fileRef = 743CF2F4B06FA7C03C4CF314 /* CountingTokenRefreshing.swift */; };
		C16D4A9A4901D21C4D76DDC8 /* WatchlistScreenViewModelTests.swift in Sources */ = {isa = PBXBuildFile; fileRef = 450573BBD68430C3236E40B3 /* WatchlistScreenViewModelTests.swift */; };
		C54BB9746F7A7DC8CB790AD6 /* AssetDetailServiceTests.swift in Sources */ = {isa = PBXBuildFile; fileRef = 5F0DA553C291294B7FF0F39A /* AssetDetailServiceTests.swift */; };
		C619A1D8F34AD3056569575B /* AuthenticationServiceTests.swift in Sources */ = {isa = PBXBuildFile; fileRef = 612771A63B4065D0BB6D2DFF /* AuthenticationServiceTests.swift */; };
		CBB4A84F146EA57CD63F8C0E /* MockHTTPTransport.swift in Sources */ = {isa = PBXBuildFile; fileRef = D7F36E9A37451258FB3BCB9A /* MockHTTPTransport.swift */; };
		D0B742FA1F8EE1F6445E19F7 /* TestSupport.swift in Sources */ = {isa = PBXBuildFile; fileRef = 546572D537494E24EC743E3A /* TestSupport.swift */; };
		D0D9DE141C7D2D89FC546D3D /* PortfolioViewModelTests.swift in Sources */ = {isa = PBXBuildFile; fileRef = A3C14ECE0668313EB0A0009D /* PortfolioViewModelTests.swift */; };
		D1DA5276C7CC88232B4B5464 /* AssetModels.swift in Sources */ = {isa = PBXBuildFile; fileRef = 6A501E489F873A6313D67231 /* AssetModels.swift */; };
		D1E42BA1BFA2F30F4AA79951 /* APIError.swift in Sources */ = {isa = PBXBuildFile; fileRef = BA3F5932649B36372C78C7F4 /* APIError.swift */; };
		E0F7DD0DB1D1A14A9B616E5C /* WatchlistRowView.swift in Sources */ = {isa = PBXBuildFile; fileRef = FFAFEE2B00F21C15EE5F128F /* WatchlistRowView.swift */; };
		EB4DA42682BED462335BFAD4 /* AssetSearchResultRow.swift in Sources */ = {isa = PBXBuildFile; fileRef = A63B5483BCD2BA91061D176A /* AssetSearchResultRow.swift */; };
		EEF73EE344C60A39A6DED7A1 /* APIResponse.swift in Sources */ = {isa = PBXBuildFile; fileRef = F5D33FDD4803448688583051 /* APIResponse.swift */; };
		F21BBE13600965D42CA89959 /* KeychainTokenStoreTests.swift in Sources */ = {isa = PBXBuildFile; fileRef = B7091584FDE220D96E3318E0 /* KeychainTokenStoreTests.swift */; };
		F369556300A4416C3C08C16A /* TokenStore.swift in Sources */ = {isa = PBXBuildFile; fileRef = 7BD8BE4E1B6140A05CB02536 /* TokenStore.swift */; };
		F4689CB9C5B2DFEF8E26FF24 /* ConcurrentRefreshTransport.swift in Sources */ = {isa = PBXBuildFile; fileRef = 310459015B7294A2C5706B24 /* ConcurrentRefreshTransport.swift */; };
		F97FCB416244B7F068C5D20D /* AuthenticatedAppShellViewModel.swift in Sources */ = {isa = PBXBuildFile; fileRef = F42CB92BED46A1B059DA9097 /* AuthenticatedAppShellViewModel.swift */; };
		FC70FA3850DE2C67FFB73CAE /* AppContainerTests.swift in Sources */ = {isa = PBXBuildFile; fileRef = 792B400AF02159CABA112358 /* AppContainerTests.swift */; };
		FFE3DC25EB11357FEF4B2908 /* LoginViewModel.swift in Sources */ = {isa = PBXBuildFile; fileRef = 65C4EB738CCEF5C3AE6E5BC7 /* LoginViewModel.swift */; };
/* End PBXBuildFile section */

/* Begin PBXContainerItemProxy section */
		E3BB43A7C624F55DC68D0303 /* PBXContainerItemProxy */ = {
			isa = PBXContainerItemProxy;
			containerPortal = H10001 /* Project object */;
			proxyType = 1;
			remoteGlobalIDString = F10001;
			remoteInfo = OptiTradeiOS;
		};
/* End PBXContainerItemProxy section */

/* Begin PBXFileReference section */
		015E76C4B971AB545B9F2807 /* StubAssetSearchService.swift */ = {isa = PBXFileReference; includeInIndex = 1; lastKnownFileType = sourcecode.swift; name = StubAssetSearchService.swift; path = StubAssetSearchService.swift; sourceTree = "<group>"; };
		030244C4DA5AEEF47CAF0E02 /* AssetDetailModels.swift */ = {isa = PBXFileReference; includeInIndex = 1; lastKnownFileType = sourcecode.swift; path = AssetDetailModels.swift; sourceTree = "<group>"; };
		032F268B8A7D3C1CAB9E15AD /* AuthenticatedAppShell.swift */ = {isa = PBXFileReference; includeInIndex = 1; lastKnownFileType = sourcecode.swift; path = AuthenticatedAppShell.swift; sourceTree = "<group>"; };
		03C86E6BDF5F2C1FBDD33D9C /* AssetServiceTests.swift */ = {isa = PBXFileReference; includeInIndex = 1; lastKnownFileType = sourcecode.swift; name = AssetServiceTests.swift; path = AssetServiceTests.swift; sourceTree = "<group>"; };
		04F49684E9340C7BC9A300A8 /* AppEnvironment.swift */ = {isa = PBXFileReference; includeInIndex = 1; lastKnownFileType = sourcecode.swift; path = AppEnvironment.swift; sourceTree = "<group>"; };
		072A5D91650A043A73D5803C /* RoutingHTTPTransport.swift */ = {isa = PBXFileReference; includeInIndex = 1; lastKnownFileType = sourcecode.swift; path = RoutingHTTPTransport.swift; sourceTree = "<group>"; };
		07AB1204E403F2723F0FEEDD /* TokenRefreshCoordinator.swift */ = {isa = PBXFileReference; includeInIndex = 1; lastKnownFileType = sourcecode.swift; path = TokenRefreshCoordinator.swift; sourceTree = "<group>"; };
		08F0744402C945E5DC28D656 /* WatchlistModels.swift */ = {isa = PBXFileReference; includeInIndex = 1; lastKnownFileType = sourcecode.swift; name = WatchlistModels.swift; path = WatchlistModels.swift; sourceTree = "<group>"; };
		09F7C0677ACAD7F82257F386 /* PortfolioModels.swift */ = {isa = PBXFileReference; includeInIndex = 1; lastKnownFileType = sourcecode.swift; path = PortfolioModels.swift; sourceTree = "<group>"; };
		0CF5E924B5009DA509258F94 /* AuthenticationService.swift */ = {isa = PBXFileReference; includeInIndex = 1; lastKnownFileType = sourcecode.swift; path = AuthenticationService.swift; sourceTree = "<group>"; };
		0E3756412B715EF4BE7B351B /* StubAssetDetailService.swift */ = {isa = PBXFileReference; includeInIndex = 1; lastKnownFileType = sourcecode.swift; path = StubAssetDetailService.swift; sourceTree = "<group>"; };
		12205C33E2E28481FF6E1EFD /* AssetDetailView.swift */ = {isa = PBXFileReference; includeInIndex = 1; lastKnownFileType = sourcecode.swift; name = AssetDetailView.swift; path = AssetDetailView.swift; sourceTree = "<group>"; };
		160731B1CE389EB3FB013438 /* NetworkConfiguration.swift */ = {isa = PBXFileReference; includeInIndex = 1; lastKnownFileType = sourcecode.swift; path = NetworkConfiguration.swift; sourceTree = "<group>"; };
		165919A8226A803ECC1CAA8E /* AuthModels.swift */ = {isa = PBXFileReference; includeInIndex = 1; lastKnownFileType = sourcecode.swift; path = AuthModels.swift; sourceTree = "<group>"; };
		1C08B7F38CF946E06FB6C965 /* WatchlistScreenView.swift */ = {isa = PBXFileReference; includeInIndex = 1; lastKnownFileType = sourcecode.swift; name = WatchlistScreenView.swift; path = WatchlistScreenView.swift; sourceTree = "<group>"; };
		1DC57447869A18686376326D /* WatchlistScreenViewModel.swift */ = {isa = PBXFileReference; includeInIndex = 1; lastKnownFileType = sourcecode.swift; name = WatchlistScreenViewModel.swift; path = WatchlistScreenViewModel.swift; sourceTree = "<group>"; };
		23E3E7A91C7978777EC1ECF3 /* Keychain.swift */ = {isa = PBXFileReference; includeInIndex = 1; lastKnownFileType = sourcecode.swift; path = Keychain.swift; sourceTree = "<group>"; };
		24B927F5DA17E7CD296FB3EF /* StubAuthenticationService.swift */ = {isa = PBXFileReference; includeInIndex = 1; lastKnownFileType = sourcecode.swift; path = StubAuthenticationService.swift; sourceTree = "<group>"; };
		24EF973F7B89505E777E5999 /* AppEnvironmentTests.swift */ = {isa = PBXFileReference; includeInIndex = 1; lastKnownFileType = sourcecode.swift; path = AppEnvironmentTests.swift; sourceTree = "<group>"; };
		25A29E3CE88D2B09AC02DDF9 /* HTTPMethod.swift */ = {isa = PBXFileReference; includeInIndex = 1; lastKnownFileType = sourcecode.swift; path = HTTPMethod.swift; sourceTree = "<group>"; };
		25B63EF729E179699BD3CB27 /* APIRequest.swift */ = {isa = PBXFileReference; includeInIndex = 1; lastKnownFileType = sourcecode.swift; path = APIRequest.swift; sourceTree = "<group>"; };
		28273F8BFCEDD2EAA51FF5B6 /* OptiTradeApp.swift */ = {isa = PBXFileReference; includeInIndex = 1; lastKnownFileType = sourcecode.swift; path = OptiTradeApp.swift; sourceTree = "<group>"; };
		2B7845F5C65DFEA1324F7840 /* AuthenticatedAppShellViewModelTests.swift */ = {isa = PBXFileReference; includeInIndex = 1; lastKnownFileType = sourcecode.swift; path = AuthenticatedAppShellViewModelTests.swift; sourceTree = "<group>"; };
		305F4CFA65CF6F501EE04D6D /* LoginViewModelTests.swift */ = {isa = PBXFileReference; includeInIndex = 1; lastKnownFileType = sourcecode.swift; path = LoginViewModelTests.swift; sourceTree = "<group>"; };
		310459015B7294A2C5706B24 /* ConcurrentRefreshTransport.swift */ = {isa = PBXFileReference; includeInIndex = 1; lastKnownFileType = sourcecode.swift; path = ConcurrentRefreshTransport.swift; sourceTree = "<group>"; };
		32F7880167233CACFC09C128 /* AssetService.swift */ = {isa = PBXFileReference; includeInIndex = 1; lastKnownFileType = sourcecode.swift; name = AssetService.swift; path = AssetService.swift; sourceTree = "<group>"; };
		33C3F0C25D496FDBF403BC28 /* AuthModelsTests.swift */ = {isa = PBXFileReference; includeInIndex = 1; lastKnownFileType = sourcecode.swift; path = AuthModelsTests.swift; sourceTree = "<group>"; };
		3E962B806527E0647AFA287B /* HTTPTransport.swift */ = {isa = PBXFileReference; includeInIndex = 1; lastKnownFileType = sourcecode.swift; path = HTTPTransport.swift; sourceTree = "<group>"; };
		450573BBD68430C3236E40B3 /* WatchlistScreenViewModelTests.swift */ = {isa = PBXFileReference; includeInIndex = 1; lastKnownFileType = sourcecode.swift; name = WatchlistScreenViewModelTests.swift; path = WatchlistScreenViewModelTests.swift; sourceTree = "<group>"; };
		47D73A80FE33587228754F50 /* APIClient.swift */ = {isa = PBXFileReference; includeInIndex = 1; lastKnownFileType = sourcecode.swift; path = APIClient.swift; sourceTree = "<group>"; };
		5092843C15E07678F0DCC963 /* AuthenticationModels.swift */ = {isa = PBXFileReference; includeInIndex = 1; lastKnownFileType = sourcecode.swift; path = AuthenticationModels.swift; sourceTree = "<group>"; };
		546572D537494E24EC743E3A /* TestSupport.swift */ = {isa = PBXFileReference; includeInIndex = 1; lastKnownFileType = sourcecode.swift; path = TestSupport.swift; sourceTree = "<group>"; };
		58EFD2F484214A70F3AC14D2 /* PortfolioViewModel.swift */ = {isa = PBXFileReference; includeInIndex = 1; lastKnownFileType = sourcecode.swift; path = PortfolioViewModel.swift; sourceTree = "<group>"; };
		5F0DA553C291294B7FF0F39A /* AssetDetailServiceTests.swift */ = {isa = PBXFileReference; includeInIndex = 1; lastKnownFileType = sourcecode.swift; path = AssetDetailServiceTests.swift; sourceTree = "<group>"; };
		612771A63B4065D0BB6D2DFF /* AuthenticationServiceTests.swift */ = {isa = PBXFileReference; includeInIndex = 1; lastKnownFileType = sourcecode.swift; path = AuthenticationServiceTests.swift; sourceTree = "<group>"; };
		65C21BFA63470717DEF4F907 /* SessionRestorationIntegrationTests.swift */ = {isa = PBXFileReference; includeInIndex = 1; lastKnownFileType = sourcecode.swift; path = SessionRestorationIntegrationTests.swift; sourceTree = "<group>"; };
		65C4EB738CCEF5C3AE6E5BC7 /* LoginViewModel.swift */ = {isa = PBXFileReference; includeInIndex = 1; lastKnownFileType = sourcecode.swift; path = LoginViewModel.swift; sourceTree = "<group>"; };
		6A501E489F873A6313D67231 /* AssetModels.swift */ = {isa = PBXFileReference; includeInIndex = 1; lastKnownFileType = sourcecode.swift; name = AssetModels.swift; path = AssetModels.swift; sourceTree = "<group>"; };
		6A6B637DF0E8B7EAD6E1F50D /* AssetSearchViewModelTests.swift */ = {isa = PBXFileReference; includeInIndex = 1; lastKnownFileType = sourcecode.swift; name = AssetSearchViewModelTests.swift; path = AssetSearchViewModelTests.swift; sourceTree = "<group>"; };
		713603EAC497480A639EE38D /* APIClientTests.swift */ = {isa = PBXFileReference; includeInIndex = 1; lastKnownFileType = sourcecode.swift; path = APIClientTests.swift; sourceTree = "<group>"; };
		72F906ABE8418A164AB4E261 /* AppContainer.swift */ = {isa = PBXFileReference; includeInIndex = 1; lastKnownFileType = sourcecode.swift; path = AppContainer.swift; sourceTree = "<group>"; };
		743CF2F4B06FA7C03C4CF314 /* CountingTokenRefreshing.swift */ = {isa = PBXFileReference; includeInIndex = 1; lastKnownFileType = sourcecode.swift; path = CountingTokenRefreshing.swift; sourceTree = "<group>"; };
		78472C042EB1F293443C641D /* StubPortfolioService.swift */ = {isa = PBXFileReference; includeInIndex = 1; lastKnownFileType = sourcecode.swift; path = StubPortfolioService.swift; sourceTree = "<group>"; };
		792B400AF02159CABA112358 /* AppContainerTests.swift */ = {isa = PBXFileReference; includeInIndex = 1; lastKnownFileType = sourcecode.swift; path = AppContainerTests.swift; sourceTree = "<group>"; };
		7B057921CF167F89A069E621 /* AppLogger.swift */ = {isa = PBXFileReference; includeInIndex = 1; lastKnownFileType = sourcecode.swift; path = AppLogger.swift; sourceTree = "<group>"; };
		7BD8BE4E1B6140A05CB02536 /* TokenStore.swift */ = {isa = PBXFileReference; includeInIndex = 1; lastKnownFileType = sourcecode.swift; path = TokenStore.swift; sourceTree = "<group>"; };
		7C1C2FD5A98FE52B01E2FE38 /* WatchlistService.swift */ = {isa = PBXFileReference; includeInIndex = 1; lastKnownFileType = sourcecode.swift; name = WatchlistService.swift; path = WatchlistService.swift; sourceTree = "<group>"; };
		7CF44454E0459D8E09B059E7 /* AssetDetailViewModel.swift */ = {isa = PBXFileReference; includeInIndex = 1; lastKnownFileType = sourcecode.swift; path = AssetDetailViewModel.swift; sourceTree = "<group>"; };
		8B24E8DCC7D13BF079D37BAC /* TestLogger.swift */ = {isa = PBXFileReference; includeInIndex = 1; lastKnownFileType = sourcecode.swift; path = TestLogger.swift; sourceTree = "<group>"; };
		8F80084FB95E13D2BB535FA1 /* Foundation.framework */ = {isa = PBXFileReference; lastKnownFileType = wrapper.framework; name = Foundation.framework; path = Platforms/iPhoneOS.platform/Developer/SDKs/iPhoneOS26.0.sdk/System/Library/Frameworks/Foundation.framework; sourceTree = DEVELOPER_DIR; };
		917721B88953EA9CB0FA50D4 /* SessionManager.swift */ = {isa = PBXFileReference; includeInIndex = 1; lastKnownFileType = sourcecode.swift; path = SessionManager.swift; sourceTree = "<group>"; };
		955B8496306BD2CA75BF8605 /* PortfolioView.swift */ = {isa = PBXFileReference; includeInIndex = 1; lastKnownFileType = sourcecode.swift; path = PortfolioView.swift; sourceTree = "<group>"; };
		A12E47052F9589AE00417CBD /* GoogleService-Info.plist */ = {isa = PBXFileReference; lastKnownFileType = text.plist.xml; path = "GoogleService-Info.plist"; sourceTree = "<group>"; };
		A3C14ECE0668313EB0A0009D /* PortfolioViewModelTests.swift */ = {isa = PBXFileReference; includeInIndex = 1; lastKnownFileType = sourcecode.swift; path = PortfolioViewModelTests.swift; sourceTree = "<group>"; };
		A533763E65FA967A597EB9E4 /* AssetDetailService.swift */ = {isa = PBXFileReference; includeInIndex = 1; lastKnownFileType = sourcecode.swift; path = AssetDetailService.swift; sourceTree = "<group>"; };
		A6398D121836E93BD1161BA4 /* PortfolioService.swift */ = {isa = PBXFileReference; includeInIndex = 1; lastKnownFileType = sourcecode.swift; path = PortfolioService.swift; sourceTree = "<group>"; };
		A63B5483BCD2BA91061D176A /* AssetSearchResultRow.swift */ = {isa = PBXFileReference; includeInIndex = 1; lastKnownFileType = sourcecode.swift; name = AssetSearchResultRow.swift; path = AssetSearchResultRow.swift; sourceTree = "<group>"; };
		ABB964EE52B6430DD52484CE /* StubWatchlistService.swift */ = {isa = PBXFileReference; includeInIndex = 1; lastKnownFileType = sourcecode.swift; name = StubWatchlistService.swift; path = StubWatchlistService.swift; sourceTree = "<group>"; };
		AF7E3B9BBE49768BFB2D4103 /* APIRequestConstructionTests.swift */ = {isa = PBXFileReference; includeInIndex = 1; lastKnownFileType = sourcecode.swift; path = APIRequestConstructionTests.swift; sourceTree = "<group>"; };
		B10002 /* ContentView.swift */ = {isa = PBXFileReference; lastKnownFileType = sourcecode.swift; path = ContentView.swift; sourceTree = "<group>"; };
		B10003 /* DashboardView.swift */ = {isa = PBXFileReference; lastKnownFileType = sourcecode.swift; path = DashboardView.swift; sourceTree = "<group>"; };
		B10004 /* SearchView.swift */ = {isa = PBXFileReference; lastKnownFileType = sourcecode.swift; path = SearchView.swift; sourceTree = "<group>"; };
		B10005 /* WatchlistView.swift */ = {isa = PBXFileReference; lastKnownFileType = sourcecode.swift; path = WatchlistView.swift; sourceTree = "<group>"; };
		B10006 /* AnalysisDetailView.swift */ = {isa = PBXFileReference; lastKnownFileType = sourcecode.swift; path = AnalysisDetailView.swift; sourceTree = "<group>"; };
		B10007 /* SettingsView.swift */ = {isa = PBXFileReference; lastKnownFileType = sourcecode.swift; path = SettingsView.swift; sourceTree = "<group>"; };
		B10008 /* ResultCardView.swift */ = {isa = PBXFileReference; lastKnownFileType = sourcecode.swift; path = ResultCardView.swift; sourceTree = "<group>"; };
		B10009 /* Models.swift */ = {isa = PBXFileReference; lastKnownFileType = sourcecode.swift; path = Models.swift; sourceTree = "<group>"; };
		B10010 /* APIService.swift */ = {isa = PBXFileReference; lastKnownFileType = sourcecode.swift; path = APIService.swift; sourceTree = "<group>"; };
		B10011 /* Components.swift */ = {isa = PBXFileReference; lastKnownFileType = sourcecode.swift; path = Components.swift; sourceTree = "<group>"; };
		B10012 /* Assets.xcassets */ = {isa = PBXFileReference; lastKnownFileType = folder.assetcatalog; path = Assets.xcassets; sourceTree = "<group>"; };
		B10013 /* OnboardingView.swift */ = {isa = PBXFileReference; lastKnownFileType = sourcecode.swift; path = OnboardingView.swift; sourceTree = "<group>"; };
		B10014 /* ChartComponents.swift */ = {isa = PBXFileReference; lastKnownFileType = sourcecode.swift; path = ChartComponents.swift; sourceTree = "<group>"; };
		B10015 /* HapticService.swift */ = {isa = PBXFileReference; lastKnownFileType = sourcecode.swift; path = HapticService.swift; sourceTree = "<group>"; };
		B10016 /* PaperTradeView.swift */ = {isa = PBXFileReference; lastKnownFileType = sourcecode.swift; path = PaperTradeView.swift; sourceTree = "<group>"; };
		B10017 /* AuthView.swift */ = {isa = PBXFileReference; lastKnownFileType = sourcecode.swift; path = AuthView.swift; sourceTree = "<group>"; };
		B10018 /* FirebaseService.swift */ = {isa = PBXFileReference; lastKnownFileType = sourcecode.swift; path = FirebaseService.swift; sourceTree = "<group>"; };
		B10019 /* PortfolioAnalysisView.swift */ = {isa = PBXFileReference; lastKnownFileType = sourcecode.swift; path = PortfolioAnalysisView.swift; sourceTree = "<group>"; };
		B10020 /* Extensions.swift */ = {isa = PBXFileReference; lastKnownFileType = sourcecode.swift; path = Extensions.swift; sourceTree = "<group>"; };
		B10021 /* StoreKitManager.swift */ = {isa = PBXFileReference; lastKnownFileType = sourcecode.swift; path = StoreKitManager.swift; sourceTree = "<group>"; };
		B10023 /* SessionInfoView.swift */ = {isa = PBXFileReference; lastKnownFileType = sourcecode.swift; path = SessionInfoView.swift; sourceTree = "<group>"; };
		B10024 /* Localization.swift */ = {isa = PBXFileReference; lastKnownFileType = sourcecode.swift; path = Localization.swift; sourceTree = "<group>"; };
		B10025 /* PortfolioHoldingsView.swift */ = {isa = PBXFileReference; lastKnownFileType = sourcecode.swift; path = PortfolioHoldingsView.swift; sourceTree = "<group>"; };
		B10026 /* MarketNewsView.swift */ = {isa = PBXFileReference; lastKnownFileType = sourcecode.swift; path = MarketNewsView.swift; sourceTree = "<group>"; };
		B10027 /* PremiumUpgradeView.swift */ = {isa = PBXFileReference; lastKnownFileType = sourcecode.swift; path = PremiumUpgradeView.swift; sourceTree = "<group>"; };
		B10028 /* TradingViewChart.swift */ = {isa = PBXFileReference; lastKnownFileType = sourcecode.swift; path = TradingViewChart.swift; sourceTree = "<group>"; };
		B10029 /* BacktestPerformanceView.swift */ = {isa = PBXFileReference; lastKnownFileType = sourcecode.swift; path = BacktestPerformanceView.swift; sourceTree = "<group>"; };
		B10031 /* AIHubView.swift */ = {isa = PBXFileReference; lastKnownFileType = sourcecode.swift; path = AIHubView.swift; sourceTree = "<group>"; };
		B10032 /* TradeSignalModels.swift */ = {isa = PBXFileReference; lastKnownFileType = sourcecode.swift; path = TradeSignalModels.swift; sourceTree = "<group>"; };
		B10050 /* OptiTradeiOS.entitlements */ = {isa = PBXFileReference; lastKnownFileType = text.plist.entitlements; path = OptiTradeiOS.entitlements; sourceTree = "<group>"; };
		B672D8B8FAB1C5913AAF1832 /* RootView.swift */ = {isa = PBXFileReference; includeInIndex = 1; lastKnownFileType = sourcecode.swift; path = RootView.swift; sourceTree = "<group>"; };
		B7091584FDE220D96E3318E0 /* KeychainTokenStoreTests.swift */ = {isa = PBXFileReference; includeInIndex = 1; lastKnownFileType = sourcecode.swift; path = KeychainTokenStoreTests.swift; sourceTree = "<group>"; };
		B8F54B39214E0ADDE356ADE2 /* AssetSelectionTests.swift */ = {isa = PBXFileReference; includeInIndex = 1; lastKnownFileType = sourcecode.swift; name = AssetSelectionTests.swift; path = AssetSelectionTests.swift; sourceTree = "<group>"; };
		BA3F5932649B36372C78C7F4 /* APIError.swift */ = {isa = PBXFileReference; includeInIndex = 1; lastKnownFileType = sourcecode.swift; path = APIError.swift; sourceTree = "<group>"; };
		BC6535B57AB9237EF417A69B /* OptiTradeiOSTests.xctest */ = {isa = PBXFileReference; explicitFileType = wrapper.cfbundle; includeInIndex = 0; path = OptiTradeiOSTests.xctest; sourceTree = BUILT_PRODUCTS_DIR; };
		C10001 /* OptiTradeiOS.app */ = {isa = PBXFileReference; explicitFileType = wrapper.application; includeInIndex = 0; path = OptiTradeiOS.app; sourceTree = BUILT_PRODUCTS_DIR; };
		C7DF17833FC84FCCD388EC94 /* AssetSearchViewModel.swift */ = {isa = PBXFileReference; includeInIndex = 1; lastKnownFileType = sourcecode.swift; name = AssetSearchViewModel.swift; path = AssetSearchViewModel.swift; sourceTree = "<group>"; };
		D2380E3756B6AB501030181A /* AssetSearchView.swift */ = {isa = PBXFileReference; includeInIndex = 1; lastKnownFileType = sourcecode.swift; name = AssetSearchView.swift; path = AssetSearchView.swift; sourceTree = "<group>"; };
		D3B8164632B614E9B9BF8A7C /* LoginView.swift */ = {isa = PBXFileReference; includeInIndex = 1; lastKnownFileType = sourcecode.swift; path = LoginView.swift; sourceTree = "<group>"; };
		D7F36E9A37451258FB3BCB9A /* MockHTTPTransport.swift */ = {isa = PBXFileReference; includeInIndex = 1; lastKnownFileType = sourcecode.swift; path = MockHTTPTransport.swift; sourceTree = "<group>"; };
		E7589090876EC1A49D420673 /* TokenRefreshCoordinatorTests.swift */ = {isa = PBXFileReference; includeInIndex = 1; lastKnownFileType = sourcecode.swift; path = TokenRefreshCoordinatorTests.swift; sourceTree = "<group>"; };
		F3F37258D4128B861F83D6DC /* SessionManagerTests.swift */ = {isa = PBXFileReference; includeInIndex = 1; lastKnownFileType = sourcecode.swift; path = SessionManagerTests.swift; sourceTree = "<group>"; };
		F42CB92BED46A1B059DA9097 /* AuthenticatedAppShellViewModel.swift */ = {isa = PBXFileReference; includeInIndex = 1; lastKnownFileType = sourcecode.swift; path = AuthenticatedAppShellViewModel.swift; sourceTree = "<group>"; };
		F4D08FA6EB8A24EC3038FA5F /* InMemoryTokenStore.swift */ = {isa = PBXFileReference; includeInIndex = 1; lastKnownFileType = sourcecode.swift; path = InMemoryTokenStore.swift; sourceTree = "<group>"; };
		F5504964A35CF477FFF76AB6 /* WatchlistServiceTests.swift */ = {isa = PBXFileReference; includeInIndex = 1; lastKnownFileType = sourcecode.swift; name = WatchlistServiceTests.swift; path = WatchlistServiceTests.swift; sourceTree = "<group>"; };
		F5D33FDD4803448688583051 /* APIResponse.swift */ = {isa = PBXFileReference; includeInIndex = 1; lastKnownFileType = sourcecode.swift; path = APIResponse.swift; sourceTree = "<group>"; };
		F5FE24B1B076F6CC42A29BCB /* APIErrorMappingTests.swift */ = {isa = PBXFileReference; includeInIndex = 1; lastKnownFileType = sourcecode.swift; path = APIErrorMappingTests.swift; sourceTree = "<group>"; };
		F912778DDFB3749341D532DB /* QuantDecisionView.swift */ = {isa = PBXFileReference; includeInIndex = 1; lastKnownFileType = sourcecode.swift; path = QuantDecisionView.swift; sourceTree = "<group>"; };
		FB23C740FC01EC5C4D39C3EA /* AssetDetailSections.swift */ = {isa = PBXFileReference; includeInIndex = 1; lastKnownFileType = sourcecode.swift; path = AssetDetailSections.swift; sourceTree = "<group>"; };
		FE67AE276064D4491C0F30C6 /* AssetDetailViewModelTests.swift */ = {isa = PBXFileReference; includeInIndex = 1; lastKnownFileType = sourcecode.swift; path = AssetDetailViewModelTests.swift; sourceTree = "<group>"; };
		FF26BF8E3CAB52D7CD05930F /* PortfolioServiceTests.swift */ = {isa = PBXFileReference; includeInIndex = 1; lastKnownFileType = sourcecode.swift; path = PortfolioServiceTests.swift; sourceTree = "<group>"; };
		FFAFEE2B00F21C15EE5F128F /* WatchlistRowView.swift */ = {isa = PBXFileReference; includeInIndex = 1; lastKnownFileType = sourcecode.swift; name = WatchlistRowView.swift; path = WatchlistRowView.swift; sourceTree = "<group>"; };
/* End PBXFileReference section */

/* Begin PBXFrameworksBuildPhase section */
		D10001 /* Frameworks */ = {
			isa = PBXFrameworksBuildPhase;
			buildActionMask = 2147483647;
			files = (
				A10021 /* FirebaseAuth in Frameworks */,
				A10022 /* FirebaseFirestore in Frameworks */,
			);
			runOnlyForDeploymentPostprocessing = 0;
		};
		EAD90E89358403085F18B13D /* Frameworks */ = {
			isa = PBXFrameworksBuildPhase;
			buildActionMask = 2147483647;
			files = (
				2EB71BFFD435DCCABA8C839C /* Foundation.framework in Frameworks */,
			);
			runOnlyForDeploymentPostprocessing = 0;
		};
/* End PBXFrameworksBuildPhase section */

/* Begin PBXGroup section */
		137B11D6BEE48D1AF18F3960 /* AppFoundationTests */ = {
			isa = PBXGroup;
			children = (
				792B400AF02159CABA112358 /* AppContainerTests.swift */,
				24EF973F7B89505E777E5999 /* AppEnvironmentTests.swift */,
			);
			name = AppFoundationTests;
			path = AppFoundationTests;
			sourceTree = "<group>";
		};
		32D769A56E81F572C2D70EC5 /* AppShell */ = {
			isa = PBXGroup;
			children = (
				032F268B8A7D3C1CAB9E15AD /* AuthenticatedAppShell.swift */,
				F42CB92BED46A1B059DA9097 /* AuthenticatedAppShellViewModel.swift */,
			);
			name = AppShell;
			path = AppShell;
			sourceTree = "<group>";
		};
		3F89A4906D93AAB689C85CCB /* Auth */ = {
			isa = PBXGroup;
			children = (
				5092843C15E07678F0DCC963 /* AuthenticationModels.swift */,
				0CF5E924B5009DA509258F94 /* AuthenticationService.swift */,
				D3B8164632B614E9B9BF8A7C /* LoginView.swift */,
				65C4EB738CCEF5C3AE6E5BC7 /* LoginViewModel.swift */,
			);
			name = Auth;
			path = Auth;
			sourceTree = "<group>";
		};
		400043020DE194310D470196 /* Mocks */ = {
			isa = PBXGroup;
			children = (
				310459015B7294A2C5706B24 /* ConcurrentRefreshTransport.swift */,
				743CF2F4B06FA7C03C4CF314 /* CountingTokenRefreshing.swift */,
				F4D08FA6EB8A24EC3038FA5F /* InMemoryTokenStore.swift */,
				D7F36E9A37451258FB3BCB9A /* MockHTTPTransport.swift */,
				8B24E8DCC7D13BF079D37BAC /* TestLogger.swift */,
				546572D537494E24EC743E3A /* TestSupport.swift */,
				24B927F5DA17E7CD296FB3EF /* StubAuthenticationService.swift */,
				78472C042EB1F293443C641D /* StubPortfolioService.swift */,
				015E76C4B971AB545B9F2807 /* StubAssetSearchService.swift */,
				ABB964EE52B6430DD52484CE /* StubWatchlistService.swift */,
				0E3756412B715EF4BE7B351B /* StubAssetDetailService.swift */,
				072A5D91650A043A73D5803C /* RoutingHTTPTransport.swift */,
			);
			name = Mocks;
			path = Mocks;
			sourceTree = "<group>";
		};
		44C696C60F34926184C89761 /* App */ = {
			isa = PBXGroup;
			children = (
				72F906ABE8418A164AB4E261 /* AppContainer.swift */,
				04F49684E9340C7BC9A300A8 /* AppEnvironment.swift */,
				28273F8BFCEDD2EAA51FF5B6 /* OptiTradeApp.swift */,
			);
			name = App;
			path = App;
			sourceTree = "<group>";
		};
		491399AB4B69AEE4D5DA90A1 /* Root */ = {
			isa = PBXGroup;
			children = (
				B672D8B8FAB1C5913AAF1832 /* RootView.swift */,
			);
			name = Root;
			path = Root;
			sourceTree = "<group>";
		};
		497AA0C1281ACD9845055A74 /* OptiTradeiOSTests */ = {
			isa = PBXGroup;
			children = (
				400043020DE194310D470196 /* Mocks */,
				964C6A2B2E42CA41A387315F /* NetworkingTests */,
				72B6587103676CE04EE66E36 /* AuthenticationTests */,
				137B11D6BEE48D1AF18F3960 /* AppFoundationTests */,
				B41DA650AD5CAE67C3AA4DAF /* AuthFeatureTests */,
				C1F3DF6E9ED02C1CDBA3E140 /* AppShellFeatureTests */,
				E7559E399D6184F511A7BA01 /* PortfolioFeatureTests */,
				6C1BE42C2A1B919ED5A3EF19 /* AssetFeatureTests */,
				67771BDA60E5D1C15FFB9C57 /* WatchlistFeatureTests */,
			);
			name = OptiTradeiOSTests;
			path = OptiTradeiOSTests;
			sourceTree = "<group>";
		};
		5863A43BEBED22819C026D7D /* Logging */ = {
			isa = PBXGroup;
			children = (
				7B057921CF167F89A069E621 /* AppLogger.swift */,
			);
			name = Logging;
			path = Logging;
			sourceTree = "<group>";
		};
		67771BDA60E5D1C15FFB9C57 /* WatchlistFeatureTests */ = {
			isa = PBXGroup;
			children = (
				F5504964A35CF477FFF76AB6 /* WatchlistServiceTests.swift */,
				450573BBD68430C3236E40B3 /* WatchlistScreenViewModelTests.swift */,
			);
			name = WatchlistFeatureTests;
			path = WatchlistFeatureTests;
			sourceTree = "<group>";
		};
		6C1BE42C2A1B919ED5A3EF19 /* AssetFeatureTests */ = {
			isa = PBXGroup;
			children = (
				03C86E6BDF5F2C1FBDD33D9C /* AssetServiceTests.swift */,
				6A6B637DF0E8B7EAD6E1F50D /* AssetSearchViewModelTests.swift */,
				B8F54B39214E0ADDE356ADE2 /* AssetSelectionTests.swift */,
				5F0DA553C291294B7FF0F39A /* AssetDetailServiceTests.swift */,
				FE67AE276064D4491C0F30C6 /* AssetDetailViewModelTests.swift */,
			);
			name = AssetFeatureTests;
			path = AssetFeatureTests;
			sourceTree = "<group>";
		};
		72B6587103676CE04EE66E36 /* AuthenticationTests */ = {
			isa = PBXGroup;
			children = (
				33C3F0C25D496FDBF403BC28 /* AuthModelsTests.swift */,
				B7091584FDE220D96E3318E0 /* KeychainTokenStoreTests.swift */,
				F3F37258D4128B861F83D6DC /* SessionManagerTests.swift */,
				E7589090876EC1A49D420673 /* TokenRefreshCoordinatorTests.swift */,
			);
			name = AuthenticationTests;
			path = AuthenticationTests;
			sourceTree = "<group>";
		};
		8A54351CD7812F7140C0F4BA /* Features */ = {
			isa = PBXGroup;
			children = (
				491399AB4B69AEE4D5DA90A1 /* Root */,
				3F89A4906D93AAB689C85CCB /* Auth */,
				32D769A56E81F572C2D70EC5 /* AppShell */,
				ADBC42D312FFB8B05B75B156 /* Portfolio */,
				9A568808E6D83340AB1A66C8 /* Assets */,
				CC0DF2CB430298BCB1163254 /* Watchlist */,
			);
			name = Features;
			path = Features;
			sourceTree = "<group>";
		};
		964C6A2B2E42CA41A387315F /* NetworkingTests */ = {
			isa = PBXGroup;
			children = (
				713603EAC497480A639EE38D /* APIClientTests.swift */,
				F5FE24B1B076F6CC42A29BCB /* APIErrorMappingTests.swift */,
				AF7E3B9BBE49768BFB2D4103 /* APIRequestConstructionTests.swift */,
			);
			name = NetworkingTests;
			path = NetworkingTests;
			sourceTree = "<group>";
		};
		9A568808E6D83340AB1A66C8 /* Assets */ = {
			isa = PBXGroup;
			children = (
				6A501E489F873A6313D67231 /* AssetModels.swift */,
				32F7880167233CACFC09C128 /* AssetService.swift */,
				C7DF17833FC84FCCD388EC94 /* AssetSearchViewModel.swift */,
				A63B5483BCD2BA91061D176A /* AssetSearchResultRow.swift */,
				D2380E3756B6AB501030181A /* AssetSearchView.swift */,
				12205C33E2E28481FF6E1EFD /* AssetDetailView.swift */,
				030244C4DA5AEEF47CAF0E02 /* AssetDetailModels.swift */,
				A533763E65FA967A597EB9E4 /* AssetDetailService.swift */,
				7CF44454E0459D8E09B059E7 /* AssetDetailViewModel.swift */,
				F912778DDFB3749341D532DB /* QuantDecisionView.swift */,
				FB23C740FC01EC5C4D39C3EA /* AssetDetailSections.swift */,
			);
			name = Assets;
			path = Assets;
			sourceTree = "<group>";
		};
		9C2E1E4FA996145655D903E7 /* Networking */ = {
			isa = PBXGroup;
			children = (
				47D73A80FE33587228754F50 /* APIClient.swift */,
				BA3F5932649B36372C78C7F4 /* APIError.swift */,
				25B63EF729E179699BD3CB27 /* APIRequest.swift */,
				F5D33FDD4803448688583051 /* APIResponse.swift */,
				25A29E3CE88D2B09AC02DDF9 /* HTTPMethod.swift */,
				3E962B806527E0647AFA287B /* HTTPTransport.swift */,
				160731B1CE389EB3FB013438 /* NetworkConfiguration.swift */,
			);
			name = Networking;
			path = Networking;
			sourceTree = "<group>";
		};
		ADBC42D312FFB8B05B75B156 /* Portfolio */ = {
			isa = PBXGroup;
			children = (
				09F7C0677ACAD7F82257F386 /* PortfolioModels.swift */,
				A6398D121836E93BD1161BA4 /* PortfolioService.swift */,
				955B8496306BD2CA75BF8605 /* PortfolioView.swift */,
				58EFD2F484214A70F3AC14D2 /* PortfolioViewModel.swift */,
			);
			name = Portfolio;
			path = Portfolio;
			sourceTree = "<group>";
		};
		B051B0EE48120F0BF470AF84 /* Core */ = {
			isa = PBXGroup;
			children = (
				BB730332E4CECE9CE06DD708 /* Authentication */,
				5863A43BEBED22819C026D7D /* Logging */,
				9C2E1E4FA996145655D903E7 /* Networking */,
				CDF34D9688E90D115FC4D5E5 /* Utilities */,
			);
			name = Core;
			path = Core;
			sourceTree = "<group>";
		};
		B41DA650AD5CAE67C3AA4DAF /* AuthFeatureTests */ = {
			isa = PBXGroup;
			children = (
				612771A63B4065D0BB6D2DFF /* AuthenticationServiceTests.swift */,
				305F4CFA65CF6F501EE04D6D /* LoginViewModelTests.swift */,
			);
			name = AuthFeatureTests;
			path = AuthFeatureTests;
			sourceTree = "<group>";
		};
		BB730332E4CECE9CE06DD708 /* Authentication */ = {
			isa = PBXGroup;
			children = (
				165919A8226A803ECC1CAA8E /* AuthModels.swift */,
				917721B88953EA9CB0FA50D4 /* SessionManager.swift */,
				07AB1204E403F2723F0FEEDD /* TokenRefreshCoordinator.swift */,
				7BD8BE4E1B6140A05CB02536 /* TokenStore.swift */,
			);
			name = Authentication;
			path = Authentication;
			sourceTree = "<group>";
		};
		C1F3DF6E9ED02C1CDBA3E140 /* AppShellFeatureTests */ = {
			isa = PBXGroup;
			children = (
				2B7845F5C65DFEA1324F7840 /* AuthenticatedAppShellViewModelTests.swift */,
				65C21BFA63470717DEF4F907 /* SessionRestorationIntegrationTests.swift */,
			);
			name = AppShellFeatureTests;
			path = AppShellFeatureTests;
			sourceTree = "<group>";
		};
		CC0DF2CB430298BCB1163254 /* Watchlist */ = {
			isa = PBXGroup;
			children = (
				08F0744402C945E5DC28D656 /* WatchlistModels.swift */,
				7C1C2FD5A98FE52B01E2FE38 /* WatchlistService.swift */,
				1DC57447869A18686376326D /* WatchlistScreenViewModel.swift */,
				FFAFEE2B00F21C15EE5F128F /* WatchlistRowView.swift */,
				1C08B7F38CF946E06FB6C965 /* WatchlistScreenView.swift */,
			);
			name = Watchlist;
			path = Watchlist;
			sourceTree = "<group>";
		};
		CDF34D9688E90D115FC4D5E5 /* Utilities */ = {
			isa = PBXGroup;
			children = (
				23E3E7A91C7978777EC1ECF3 /* Keychain.swift */,
			);
			name = Utilities;
			path = Utilities;
			sourceTree = "<group>";
		};
		E10001 = {
			isa = PBXGroup;
			children = (
				E10002 /* OptiTradeiOS */,
				E10007 /* Products */,
				FAAC2DE817855E504204192B /* Frameworks */,
				497AA0C1281ACD9845055A74 /* OptiTradeiOSTests */,
			);
			sourceTree = "<group>";
		};
		E10002 /* OptiTradeiOS */ = {
			isa = PBXGroup;
			children = (
				A12E47052F9589AE00417CBD /* GoogleService-Info.plist */,
				B10050 /* OptiTradeiOS.entitlements */,
				B10020 /* Extensions.swift */,
				B10024 /* Localization.swift */,
				E10003 /* Views */,
				E10004 /* Models */,
				E10005 /* Services */,
				E10006 /* Components */,
				B10012 /* Assets.xcassets */,
				44C696C60F34926184C89761 /* App */,
				B051B0EE48120F0BF470AF84 /* Core */,
				8A54351CD7812F7140C0F4BA /* Features */,
			);
			path = OptiTradeiOS;
			sourceTree = "<group>";
		};
		E10003 /* Views */ = {
			isa = PBXGroup;
			children = (
				B10002 /* ContentView.swift */,
				B10003 /* DashboardView.swift */,
				B10004 /* SearchView.swift */,
				B10005 /* WatchlistView.swift */,
				B10006 /* AnalysisDetailView.swift */,
				B10007 /* SettingsView.swift */,
				B10008 /* ResultCardView.swift */,
				B10013 /* OnboardingView.swift */,
				B10016 /* PaperTradeView.swift */,
				B10017 /* AuthView.swift */,
				B10019 /* PortfolioAnalysisView.swift */,
				B10023 /* SessionInfoView.swift */,
				B10025 /* PortfolioHoldingsView.swift */,
				B10026 /* MarketNewsView.swift */,
				B10027 /* PremiumUpgradeView.swift */,
				B10028 /* TradingViewChart.swift */,
				B10029 /* BacktestPerformanceView.swift */,
				B10031 /* AIHubView.swift */,
			);
			path = Views;
			sourceTree = "<group>";
		};
		E10004 /* Models */ = {
			isa = PBXGroup;
			children = (
				B10009 /* Models.swift */,
				B10032 /* TradeSignalModels.swift */,
			);
			path = Models;
			sourceTree = "<group>";
		};
		E10005 /* Services */ = {
			isa = PBXGroup;
			children = (
				B10010 /* APIService.swift */,
				B10015 /* HapticService.swift */,
				B10018 /* FirebaseService.swift */,
				B10021 /* StoreKitManager.swift */,
			);
			path = Services;
			sourceTree = "<group>";
		};
		E10006 /* Components */ = {
			isa = PBXGroup;
			children = (
				B10011 /* Components.swift */,
				B10014 /* ChartComponents.swift */,
			);
			path = Components;
			sourceTree = "<group>";
		};
		E10007 /* Products */ = {
			isa = PBXGroup;
			children = (
				C10001 /* OptiTradeiOS.app */,
				BC6535B57AB9237EF417A69B /* OptiTradeiOSTests.xctest */,
			);
			name = Products;
			sourceTree = "<group>";
		};
		E7559E399D6184F511A7BA01 /* PortfolioFeatureTests */ = {
			isa = PBXGroup;
			children = (
				FF26BF8E3CAB52D7CD05930F /* PortfolioServiceTests.swift */,
				A3C14ECE0668313EB0A0009D /* PortfolioViewModelTests.swift */,
			);
			name = PortfolioFeatureTests;
			path = PortfolioFeatureTests;
			sourceTree = "<group>";
		};
		FAAC2DE817855E504204192B /* Frameworks */ = {
			isa = PBXGroup;
			children = (
				FC164E2947E2B9EAEAE2B5E7 /* iOS */,
			);
			name = Frameworks;
			sourceTree = "<group>";
		};
		FC164E2947E2B9EAEAE2B5E7 /* iOS */ = {
			isa = PBXGroup;
			children = (
				8F80084FB95E13D2BB535FA1 /* Foundation.framework */,
			);
			name = iOS;
			sourceTree = "<group>";
		};
/* End PBXGroup section */

/* Begin PBXNativeTarget section */
		3C9AA4A928760184A59058D7 /* OptiTradeiOSTests */ = {
			isa = PBXNativeTarget;
			buildConfigurationList = B614A693F500D735957571AE /* Build configuration list for PBXNativeTarget "OptiTradeiOSTests" */;
			buildPhases = (
				E04C4F597E30B75841198E32 /* Sources */,
				EAD90E89358403085F18B13D /* Frameworks */,
				DE48AEE9AC70151B6160D27F /* Resources */,
			);
			buildRules = (
			);
			dependencies = (
				7C1A6D1899C30D91660E0527 /* PBXTargetDependency */,
			);
			name = OptiTradeiOSTests;
			productName = OptiTradeiOSTests;
			productReference = BC6535B57AB9237EF417A69B /* OptiTradeiOSTests.xctest */;
			productType = "com.apple.product-type.bundle.unit-test";
		};
		F10001 /* OptiTradeiOS */ = {
			isa = PBXNativeTarget;
			buildConfigurationList = G10003 /* Build configuration list for PBXNativeTarget "OptiTradeiOS" */;
			buildPhases = (
				F10002 /* Sources */,
				D10001 /* Frameworks */,
				F10003 /* Resources */,
			);
			buildRules = (
			);
			dependencies = (
			);
			name = OptiTradeiOS;
			packageProductDependencies = (
				P10001 /* FirebaseAuth */,
				P10002 /* FirebaseFirestore */,
			);
			productName = OptiTradeiOS;
			productReference = C10001 /* OptiTradeiOS.app */;
			productType = "com.apple.product-type.application";
		};
/* End PBXNativeTarget section */

/* Begin PBXProject section */
		H10001 /* Project object */ = {
			isa = PBXProject;
			attributes = {
				BuildIndependentTargetsInParallel = 1;
				LastSwiftUpdateCheck = 2660;
				LastUpgradeCheck = 2660;
				TargetAttributes = {
					F10001 = {
						CreatedOnToolsVersion = 16.3;
					};
				};
			};
			buildConfigurationList = G10001 /* Build configuration list for PBXProject "OptiTradeiOS" */;
			compatibilityVersion = "Xcode 14.0";
			developmentRegion = tr;
			hasScannedForEncodings = 0;
			knownRegions = (
				tr,
				Base,
			);
			mainGroup = E10001;
			packageReferences = (
				A12E47042F9582FF00417CBD /* XCRemoteSwiftPackageReference "firebase-ios-sdk" */,
			);
			productRefGroup = E10007 /* Products */;
			projectDirPath = "";
			projectRoot = "";
			targets = (
				F10001 /* OptiTradeiOS */,
				3C9AA4A928760184A59058D7 /* OptiTradeiOSTests */,
			);
		};
/* End PBXProject section */

/* Begin PBXResourcesBuildPhase section */
		DE48AEE9AC70151B6160D27F /* Resources */ = {
			isa = PBXResourcesBuildPhase;
			buildActionMask = 2147483647;
			files = (
			);
			runOnlyForDeploymentPostprocessing = 0;
		};
		F10003 /* Resources */ = {
			isa = PBXResourcesBuildPhase;
			buildActionMask = 2147483647;
			files = (
				A10012 /* Assets.xcassets in Resources */,
				A12E47062F9589AE00417CBD /* GoogleService-Info.plist in Resources */,
			);
			runOnlyForDeploymentPostprocessing = 0;
		};
/* End PBXResourcesBuildPhase section */

/* Begin PBXSourcesBuildPhase section */
		E04C4F597E30B75841198E32 /* Sources */ = {
			isa = PBXSourcesBuildPhase;
			buildActionMask = 2147483647;
			files = (
				F4689CB9C5B2DFEF8E26FF24 /* ConcurrentRefreshTransport.swift in Sources */,
				C113D9344C0CA9F46EE07ED6 /* CountingTokenRefreshing.swift in Sources */,
				6BDAA85A1D1D734AF346FFEE /* InMemoryTokenStore.swift in Sources */,
				CBB4A84F146EA57CD63F8C0E /* MockHTTPTransport.swift in Sources */,
				2A716809221EFEADFBE911B0 /* TestLogger.swift in Sources */,
				D0B742FA1F8EE1F6445E19F7 /* TestSupport.swift in Sources */,
				1E132855FE586C812CDAF769 /* APIClientTests.swift in Sources */,
				898A91D5B084BCC1ABD4402F /* APIErrorMappingTests.swift in Sources */,
				573EBD0E300C5C1311DFD3B6 /* APIRequestConstructionTests.swift in Sources */,
				9E3B8FA9A481CE3B78A9F694 /* AuthModelsTests.swift in Sources */,
				F21BBE13600965D42CA89959 /* KeychainTokenStoreTests.swift in Sources */,
				83EE648C15A68C36EF823E05 /* SessionManagerTests.swift in Sources */,
				93EE8446366976019724A075 /* TokenRefreshCoordinatorTests.swift in Sources */,
				FC70FA3850DE2C67FFB73CAE /* AppContainerTests.swift in Sources */,
				5C2138C9C6E5BE87C2B52E19 /* AppEnvironmentTests.swift in Sources */,
				C619A1D8F34AD3056569575B /* AuthenticationServiceTests.swift in Sources */,
				19D9070AE8FBB1682CB53C7E /* LoginViewModelTests.swift in Sources */,
				6C09C0B2480B08A7EE73207A /* AuthenticatedAppShellViewModelTests.swift in Sources */,
				2A9EBAD8B21F182C68755593 /* SessionRestorationIntegrationTests.swift in Sources */,
				A987009C6E518392526ABDA1 /* StubAuthenticationService.swift in Sources */,
				881837D1EA06A8BB0E2E98CB /* PortfolioServiceTests.swift in Sources */,
				D0D9DE141C7D2D89FC546D3D /* PortfolioViewModelTests.swift in Sources */,
				87D109AD18E5720FF53077A4 /* StubPortfolioService.swift in Sources */,
				8CA5377BF4468C46BEFCBA17 /* StubAssetSearchService.swift in Sources */,
				BEB10772A5D213464B405DA1 /* StubWatchlistService.swift in Sources */,
				80B105A1444B7C08D62830C7 /* AssetServiceTests.swift in Sources */,
				7DA33D7149BDBC0CE02CCA32 /* AssetSearchViewModelTests.swift in Sources */,
				9ABAAB3E495C91709C1C53D4 /* AssetSelectionTests.swift in Sources */,
				06E63F3E6E40876E829C74C0 /* WatchlistServiceTests.swift in Sources */,
				C16D4A9A4901D21C4D76DDC8 /* WatchlistScreenViewModelTests.swift in Sources */,
				7900AAED8C740657D9119F84 /* StubAssetDetailService.swift in Sources */,
				6133BE562E3A45431424A5C1 /* RoutingHTTPTransport.swift in Sources */,
				C54BB9746F7A7DC8CB790AD6 /* AssetDetailServiceTests.swift in Sources */,
				3E355D5562A38CB4657C911A /* AssetDetailViewModelTests.swift in Sources */,
			);
			runOnlyForDeploymentPostprocessing = 0;
		};
		F10002 /* Sources */ = {
			isa = PBXSourcesBuildPhase;
			buildActionMask = 2147483647;
			files = (
				A10002 /* ContentView.swift in Sources */,
				A10003 /* DashboardView.swift in Sources */,
				A10004 /* SearchView.swift in Sources */,
				A10005 /* WatchlistView.swift in Sources */,
				A10006 /* AnalysisDetailView.swift in Sources */,
				A10007 /* SettingsView.swift in Sources */,
				A10008 /* ResultCardView.swift in Sources */,
				A10009 /* Models.swift in Sources */,
				A10010 /* APIService.swift in Sources */,
				A10011 /* Components.swift in Sources */,
				A10013 /* OnboardingView.swift in Sources */,
				A10014 /* ChartComponents.swift in Sources */,
				A10015 /* HapticService.swift in Sources */,
				A10016 /* PaperTradeView.swift in Sources */,
				A10017 /* AuthView.swift in Sources */,
				A10018 /* FirebaseService.swift in Sources */,
				A10019 /* PortfolioAnalysisView.swift in Sources */,
				A10020 /* Extensions.swift in Sources */,
				A10023 /* SessionInfoView.swift in Sources */,
				A10024 /* Localization.swift in Sources */,
				A10025 /* PortfolioHoldingsView.swift in Sources */,
				A10026 /* MarketNewsView.swift in Sources */,
				A10027 /* StoreKitManager.swift in Sources */,
				A10028 /* PremiumUpgradeView.swift in Sources */,
				A10029 /* TradingViewChart.swift in Sources */,
				A10030 /* BacktestPerformanceView.swift in Sources */,
				A10031 /* AIHubView.swift in Sources */,
				A10032 /* TradeSignalModels.swift in Sources */,
				C04C57E3B0A1425A5858B220 /* AppContainer.swift in Sources */,
				50ED236C8181A47ADC349DE4 /* AppEnvironment.swift in Sources */,
				8C9B816558E807C4F44647A3 /* OptiTradeApp.swift in Sources */,
				9D4FD845ACAACB7D07ABD0D0 /* AuthModels.swift in Sources */,
				B4511A062C52290E9EEBD742 /* SessionManager.swift in Sources */,
				242F6F874948CEC1935EDC43 /* TokenRefreshCoordinator.swift in Sources */,
				F369556300A4416C3C08C16A /* TokenStore.swift in Sources */,
				2A3FD6F1D104258770B33D4E /* AppLogger.swift in Sources */,
				18E1FCB0F23496F7822D4810 /* APIClient.swift in Sources */,
				D1E42BA1BFA2F30F4AA79951 /* APIError.swift in Sources */,
				61B027C1CA942BCBB4F87F91 /* APIRequest.swift in Sources */,
				EEF73EE344C60A39A6DED7A1 /* APIResponse.swift in Sources */,
				3394A5EDDC006B54FBF2A6C4 /* HTTPMethod.swift in Sources */,
				1430A760C1A9B0F682EEA324 /* HTTPTransport.swift in Sources */,
				6D9A56DD8886B25D5101C612 /* NetworkConfiguration.swift in Sources */,
				B64C08051AFD193332013443 /* Keychain.swift in Sources */,
				830F21E293CB43B37452220D /* RootView.swift in Sources */,
				7D95A5B28E3C194D99909222 /* AuthenticationModels.swift in Sources */,
				39746CACF792CEF11168FA01 /* AuthenticationService.swift in Sources */,
				909FE29485978ECB20D67EDB /* LoginView.swift in Sources */,
				FFE3DC25EB11357FEF4B2908 /* LoginViewModel.swift in Sources */,
				9BBEF0850FC0769D4A8ADF61 /* AuthenticatedAppShell.swift in Sources */,
				F97FCB416244B7F068C5D20D /* AuthenticatedAppShellViewModel.swift in Sources */,
				77C6B5662864DC40E66CAB75 /* PortfolioModels.swift in Sources */,
				61402526E3954EC5D1901E05 /* PortfolioService.swift in Sources */,
				22838ED3184CBDA0FBCFB8C7 /* PortfolioView.swift in Sources */,
				467E6B1BE4CB55B15DAD2EC8 /* PortfolioViewModel.swift in Sources */,
				D1DA5276C7CC88232B4B5464 /* AssetModels.swift in Sources */,
				10951C507FCF642152F1E151 /* AssetService.swift in Sources */,
				700B0E0B483F1AA2B031CEBE /* AssetSearchViewModel.swift in Sources */,
				EB4DA42682BED462335BFAD4 /* AssetSearchResultRow.swift in Sources */,
				0424AC2F58B29A2F68751450 /* AssetSearchView.swift in Sources */,
				A3AF5FBF194A60C60FBEC6B9 /* AssetDetailView.swift in Sources */,
				AC048F0009ADD4709EC40427 /* WatchlistModels.swift in Sources */,
				B5CCC40412A294BF14455730 /* WatchlistService.swift in Sources */,
				BF011C725E698DBAC1B237C6 /* WatchlistScreenViewModel.swift in Sources */,
				E0F7DD0DB1D1A14A9B616E5C /* WatchlistRowView.swift in Sources */,
				2DDDEC1B12D6C87837A65541 /* WatchlistScreenView.swift in Sources */,
				6EB9BB158B7D161FB788DFD3 /* AssetDetailModels.swift in Sources */,
				0AA2B7107D76A57171C31A62 /* AssetDetailService.swift in Sources */,
				194BE7E0AD549798D9B3D41D /* AssetDetailViewModel.swift in Sources */,
				28234FC86201A3A8F59A3BD7 /* QuantDecisionView.swift in Sources */,
				8DC3ACF0DF1D59490672B783 /* AssetDetailSections.swift in Sources */,
			);
			runOnlyForDeploymentPostprocessing = 0;
		};
/* End PBXSourcesBuildPhase section */

/* Begin PBXTargetDependency section */
		7C1A6D1899C30D91660E0527 /* PBXTargetDependency */ = {
			isa = PBXTargetDependency;
			name = OptiTradeiOS;
			target = F10001 /* OptiTradeiOS */;
			targetProxy = E3BB43A7C624F55DC68D0303 /* PBXContainerItemProxy */;
		};
/* End PBXTargetDependency section */

/* Begin XCBuildConfiguration section */
		1839BA2C27638F8C4F0D59B7 /* Release */ = {
			isa = XCBuildConfiguration;
			buildSettings = {
				BUNDLE_LOADER = "$(TEST_HOST)";
				CLANG_ENABLE_OBJC_WEAK = NO;
				CODE_SIGN_STYLE = Automatic;
				GENERATE_INFOPLIST_FILE = YES;
				IPHONEOS_DEPLOYMENT_TARGET = 18.0;
				PRODUCT_BUNDLE_IDENTIFIER = com.algorix.optitrade.Tests;
				PRODUCT_NAME = "$(TARGET_NAME)";
				SDKROOT = iphoneos;
				SWIFT_VERSION = 5.0;
				TARGETED_DEVICE_FAMILY = "1,2";
				TEST_HOST = "$(BUILT_PRODUCTS_DIR)/OptiTradeiOS.app/OptiTradeiOS";
				VALIDATE_PRODUCT = YES;
			};
			name = Release;
		};
		A2030653EF375E05671C7A3E /* Debug */ = {
			isa = XCBuildConfiguration;
			buildSettings = {
				BUNDLE_LOADER = "$(TEST_HOST)";
				CLANG_ENABLE_OBJC_WEAK = NO;
				CODE_SIGN_STYLE = Automatic;
				GENERATE_INFOPLIST_FILE = YES;
				IPHONEOS_DEPLOYMENT_TARGET = 18.0;
				PRODUCT_BUNDLE_IDENTIFIER = com.algorix.optitrade.Tests;
				PRODUCT_NAME = "$(TARGET_NAME)";
				SDKROOT = iphoneos;
				SWIFT_VERSION = 5.0;
				TARGETED_DEVICE_FAMILY = "1,2";
				TEST_HOST = "$(BUILT_PRODUCTS_DIR)/OptiTradeiOS.app/OptiTradeiOS";
			};
			name = Debug;
		};
		G10002 /* Debug */ = {
			isa = XCBuildConfiguration;
			buildSettings = {
				ALWAYS_SEARCH_USER_PATHS = NO;
				ASSETCATALOG_COMPILER_GENERATE_SWIFT_ASSET_SYMBOL_EXTENSIONS = YES;
				CLANG_ANALYZER_NONNULL = YES;
				CLANG_CXX_LANGUAGE_STANDARD = "gnu++20";
				CLANG_ENABLE_MODULES = YES;
				CLANG_ENABLE_OBJC_ARC = YES;
				CLANG_WARN_BLOCK_CAPTURE_AUTORELEASING = YES;
				CLANG_WARN_BOOL_CONVERSION = YES;
				CLANG_WARN_COMMA = YES;
				CLANG_WARN_CONSTANT_CONVERSION = YES;
				CLANG_WARN_DEPRECATED_OBJC_IMPLEMENTATIONS = YES;
				CLANG_WARN_EMPTY_BODY = YES;
				CLANG_WARN_ENUM_CONVERSION = YES;
				CLANG_WARN_INFINITE_RECURSION = YES;
				CLANG_WARN_INT_CONVERSION = YES;
				CLANG_WARN_NON_LITERAL_NULL_CONVERSION = YES;
				CLANG_WARN_OBJC_IMPLICIT_RETAIN_SELF = YES;
				CLANG_WARN_OBJC_LITERAL_CONVERSION = YES;
				CLANG_WARN_QUOTED_INCLUDE_IN_FRAMEWORK_HEADER = YES;
				CLANG_WARN_RANGE_LOOP_ANALYSIS = YES;
				CLANG_WARN_STRICT_PROTOTYPES = YES;
				CLANG_WARN_SUSPICIOUS_MOVE = YES;
				CLANG_WARN_UNREACHABLE_CODE = YES;
				CLANG_WARN__DUPLICATE_METHOD_MATCH = YES;
				COPY_PHASE_STRIP = NO;
				DEBUG_INFORMATION_FORMAT = dwarf;
				ENABLE_STRICT_OBJC_MSGSEND = YES;
				ENABLE_TESTABILITY = YES;
				ENABLE_USER_SCRIPT_SANDBOXING = YES;
				GCC_C_LANGUAGE_STANDARD = gnu17;
				GCC_DYNAMIC_NO_PIC = NO;
				GCC_NO_COMMON_BLOCKS = YES;
				GCC_OPTIMIZATION_LEVEL = 0;
				GCC_WARN_64_TO_32_BIT_CONVERSION = YES;
				GCC_WARN_ABOUT_RETURN_TYPE = YES_ERROR;
				GCC_WARN_UNDECLARED_SELECTOR = YES;
				GCC_WARN_UNINITIALIZED_AUTOS = YES_AGGRESSIVE;
				GCC_WARN_UNUSED_FUNCTION = YES;
				GCC_WARN_UNUSED_VARIABLE = YES;
				IPHONEOS_DEPLOYMENT_TARGET = 18.0;
				MTL_ENABLE_DEBUG_INFO = INCLUDE_SOURCE;
				ONLY_ACTIVE_ARCH = YES;
				SDKROOT = iphoneos;
				STRING_CATALOG_GENERATE_SYMBOLS = YES;
				SUPPORTED_PLATFORMS = "iphoneos iphonesimulator";
				SUPPORTS_MACCATALYST = NO;
				SWIFT_ACTIVE_COMPILATION_CONDITIONS = "DEBUG $(inherited)";
				SWIFT_OPTIMIZATION_LEVEL = "-Onone";
			};
			name = Debug;
		};
		G10004 /* Release */ = {
			isa = XCBuildConfiguration;
			buildSettings = {
				ALWAYS_SEARCH_USER_PATHS = NO;
				ASSETCATALOG_COMPILER_GENERATE_SWIFT_ASSET_SYMBOL_EXTENSIONS = YES;
				CLANG_ANALYZER_NONNULL = YES;
				CLANG_CXX_LANGUAGE_STANDARD = "gnu++20";
				CLANG_ENABLE_MODULES = YES;
				CLANG_ENABLE_OBJC_ARC = YES;
				CLANG_WARN_BLOCK_CAPTURE_AUTORELEASING = YES;
				CLANG_WARN_BOOL_CONVERSION = YES;
				CLANG_WARN_COMMA = YES;
				CLANG_WARN_CONSTANT_CONVERSION = YES;
				CLANG_WARN_DEPRECATED_OBJC_IMPLEMENTATIONS = YES;
				CLANG_WARN_EMPTY_BODY = YES;
				CLANG_WARN_ENUM_CONVERSION = YES;
				CLANG_WARN_INFINITE_RECURSION = YES;
				CLANG_WARN_INT_CONVERSION = YES;
				CLANG_WARN_NON_LITERAL_NULL_CONVERSION = YES;
				CLANG_WARN_OBJC_IMPLICIT_RETAIN_SELF = YES;
				CLANG_WARN_OBJC_LITERAL_CONVERSION = YES;
				CLANG_WARN_QUOTED_INCLUDE_IN_FRAMEWORK_HEADER = YES;
				CLANG_WARN_RANGE_LOOP_ANALYSIS = YES;
				CLANG_WARN_STRICT_PROTOTYPES = YES;
				CLANG_WARN_SUSPICIOUS_MOVE = YES;
				CLANG_WARN_UNREACHABLE_CODE = YES;
				CLANG_WARN__DUPLICATE_METHOD_MATCH = YES;
				COPY_PHASE_STRIP = NO;
				DEBUG_INFORMATION_FORMAT = "dwarf-with-dsym";
				ENABLE_NS_ASSERTIONS = NO;
				ENABLE_STRICT_OBJC_MSGSEND = YES;
				ENABLE_USER_SCRIPT_SANDBOXING = YES;
				GCC_C_LANGUAGE_STANDARD = gnu17;
				GCC_NO_COMMON_BLOCKS = YES;
				GCC_WARN_64_TO_32_BIT_CONVERSION = YES;
				GCC_WARN_ABOUT_RETURN_TYPE = YES_ERROR;
				GCC_WARN_UNDECLARED_SELECTOR = YES;
				GCC_WARN_UNINITIALIZED_AUTOS = YES_AGGRESSIVE;
				GCC_WARN_UNUSED_FUNCTION = YES;
				GCC_WARN_UNUSED_VARIABLE = YES;
				IPHONEOS_DEPLOYMENT_TARGET = 18.0;
				MTL_ENABLE_DEBUG_INFO = NO;
				SDKROOT = iphoneos;
				STRING_CATALOG_GENERATE_SYMBOLS = YES;
				SUPPORTED_PLATFORMS = "iphoneos iphonesimulator";
				SUPPORTS_MACCATALYST = NO;
				SWIFT_COMPILATION_MODE = wholemodule;
				VALIDATE_PRODUCT = YES;
			};
			name = Release;
		};
		G10005 /* Debug */ = {
			isa = XCBuildConfiguration;
			buildSettings = {
				ASSETCATALOG_COMPILER_APPICON_NAME = AppIcon;
				ASSETCATALOG_COMPILER_GLOBAL_ACCENT_COLOR_NAME = AccentColor;
				CODE_SIGN_ENTITLEMENTS = OptiTradeiOS/OptiTradeiOS.entitlements;
				CODE_SIGN_STYLE = Automatic;
				CURRENT_PROJECT_VERSION = 1;
				DEVELOPMENT_TEAM = U9Q5A2QGPJ;
				GENERATE_INFOPLIST_FILE = YES;
				INFOPLIST_KEY_CFBundleDisplayName = OptiTrade;
				INFOPLIST_KEY_ITSAppUsesNonExemptEncryption = NO;
				INFOPLIST_KEY_LSApplicationCategoryType = "public.app-category.finance";
				INFOPLIST_KEY_UIApplicationSceneManifest_Generation = YES;
				INFOPLIST_KEY_UIApplicationSupportsIndirectInputEvents = YES;
				INFOPLIST_KEY_UILaunchScreen_Generation = YES;
				INFOPLIST_KEY_UISupportedInterfaceOrientations_iPad = "UIInterfaceOrientationPortrait UIInterfaceOrientationPortraitUpsideDown UIInterfaceOrientationLandscapeLeft UIInterfaceOrientationLandscapeRight";
				INFOPLIST_KEY_UISupportedInterfaceOrientations_iPhone = "UIInterfaceOrientationPortrait UIInterfaceOrientationLandscapeLeft UIInterfaceOrientationLandscapeRight";
				LD_RUNPATH_SEARCH_PATHS = (
					"$(inherited)",
					"@executable_path/Frameworks",
				);
				MARKETING_VERSION = 3.1.0;
				PRODUCT_BUNDLE_IDENTIFIER = com.algorix.optitrade;
				PRODUCT_NAME = "$(TARGET_NAME)";
				SWIFT_EMIT_LOC_STRINGS = YES;
				SWIFT_VERSION = 5.9;
				TARGETED_DEVICE_FAMILY = "1,2";
			};
			name = Debug;
		};
		G10006 /* Release */ = {
			isa = XCBuildConfiguration;
			buildSettings = {
				ASSETCATALOG_COMPILER_APPICON_NAME = AppIcon;
				ASSETCATALOG_COMPILER_GLOBAL_ACCENT_COLOR_NAME = AccentColor;
				CODE_SIGN_ENTITLEMENTS = OptiTradeiOS/OptiTradeiOS.entitlements;
				CODE_SIGN_STYLE = Automatic;
				CURRENT_PROJECT_VERSION = 1;
				DEVELOPMENT_TEAM = U9Q5A2QGPJ;
				GENERATE_INFOPLIST_FILE = YES;
				INFOPLIST_KEY_CFBundleDisplayName = OptiTrade;
				INFOPLIST_KEY_ITSAppUsesNonExemptEncryption = NO;
				INFOPLIST_KEY_LSApplicationCategoryType = "public.app-category.finance";
				INFOPLIST_KEY_UIApplicationSceneManifest_Generation = YES;
				INFOPLIST_KEY_UIApplicationSupportsIndirectInputEvents = YES;
				INFOPLIST_KEY_UILaunchScreen_Generation = YES;
				INFOPLIST_KEY_UISupportedInterfaceOrientations_iPad = "UIInterfaceOrientationPortrait UIInterfaceOrientationPortraitUpsideDown UIInterfaceOrientationLandscapeLeft UIInterfaceOrientationLandscapeRight";
				INFOPLIST_KEY_UISupportedInterfaceOrientations_iPhone = "UIInterfaceOrientationPortrait UIInterfaceOrientationLandscapeLeft UIInterfaceOrientationLandscapeRight";
				LD_RUNPATH_SEARCH_PATHS = (
					"$(inherited)",
					"@executable_path/Frameworks",
				);
				MARKETING_VERSION = 3.1.0;
				PRODUCT_BUNDLE_IDENTIFIER = com.algorix.optitrade;
				PRODUCT_NAME = "$(TARGET_NAME)";
				SWIFT_EMIT_LOC_STRINGS = YES;
				SWIFT_VERSION = 5.9;
				TARGETED_DEVICE_FAMILY = "1,2";
			};
			name = Release;
		};
/* End XCBuildConfiguration section */

/* Begin XCConfigurationList section */
		B614A693F500D735957571AE /* Build configuration list for PBXNativeTarget "OptiTradeiOSTests" */ = {
			isa = XCConfigurationList;
			buildConfigurations = (
				1839BA2C27638F8C4F0D59B7 /* Release */,
				A2030653EF375E05671C7A3E /* Debug */,
			);
			defaultConfigurationIsVisible = 0;
			defaultConfigurationName = Release;
		};
		G10001 /* Build configuration list for PBXProject "OptiTradeiOS" */ = {
			isa = XCConfigurationList;
			buildConfigurations = (
				G10002 /* Debug */,
				G10004 /* Release */,
			);
			defaultConfigurationIsVisible = 0;
			defaultConfigurationName = Release;
		};
		G10003 /* Build configuration list for PBXNativeTarget "OptiTradeiOS" */ = {
			isa = XCConfigurationList;
			buildConfigurations = (
				G10005 /* Debug */,
				G10006 /* Release */,
			);
			defaultConfigurationIsVisible = 0;
			defaultConfigurationName = Release;
		};
/* End XCConfigurationList section */

/* Begin XCRemoteSwiftPackageReference section */
		A12E47042F9582FF00417CBD /* XCRemoteSwiftPackageReference "firebase-ios-sdk" */ = {
			isa = XCRemoteSwiftPackageReference;
			repositoryURL = "https://github.com/firebase/firebase-ios-sdk.git";
			requirement = {
				kind = upToNextMajorVersion;
				minimumVersion = 12.12.1;
			};
		};
/* End XCRemoteSwiftPackageReference section */

/* Begin XCSwiftPackageProductDependency section */
		P10001 /* FirebaseAuth */ = {
			isa = XCSwiftPackageProductDependency;
			package = A12E47042F9582FF00417CBD /* XCRemoteSwiftPackageReference "firebase-ios-sdk" */;
			productName = FirebaseAuth;
		};
		P10002 /* FirebaseFirestore */ = {
			isa = XCSwiftPackageProductDependency;
			package = A12E47042F9582FF00417CBD /* XCRemoteSwiftPackageReference "firebase-ios-sdk" */;
			productName = FirebaseFirestore;
		};
/* End XCSwiftPackageProductDependency section */
	};
	rootObject = H10001 /* Project object */;
}
